// !$*UTF8*$!
{
	archiveVersion = 1;
	classes = {
	};
	objectVersion = 55;
	objects = {

/* Begin PBXBuildFile section */
		040ADEB627B94F370099025F /* BaseTableViewCell.swift in Sources */ = {isa = PBXBuildFile; fileRef = 040ADEB527B94F370099025F /* BaseTableViewCell.swift */; };
		040ADEB927B94F680099025F /* NibLoadableViewProtocol.swift in Sources */ = {isa = PBXBuildFile; fileRef = 040ADEB827B94F680099025F /* NibLoadableViewProtocol.swift */; };
		040ADEBB27B94F870099025F /* ReusableViewProtocol.swift in Sources */ = {isa = PBXBuildFile; fileRef = 040ADEBA27B94F870099025F /* ReusableViewProtocol.swift */; };
		040ADEBE27B94FD10099025F /* UITableView+register.swift in Sources */ = {isa = PBXBuildFile; fileRef = 040ADEBD27B94FD10099025F /* UITableView+register.swift */; };
		040ADEC027B954A70099025F /* CharacterTableCell.swift in Sources */ = {isa = PBXBuildFile; fileRef = 040ADEBF27B954A70099025F /* CharacterTableCell.swift */; };
		040ADEC227B954E00099025F /* CharacterTableCell.xib in Resources */ = {isa = PBXBuildFile; fileRef = 040ADEC127B954E00099025F /* CharacterTableCell.xib */; };
		040ADEC427B95B020099025F /* CharacterThumbnail.swift in Sources */ = {isa = PBXBuildFile; fileRef = 040ADEC327B95B020099025F /* CharacterThumbnail.swift */; };
		040ADEC627B9614B0099025F /* DataManager.swift in Sources */ = {isa = PBXBuildFile; fileRef = 040ADEC527B9614B0099025F /* DataManager.swift */; };
		044B80D327BAAD1D00890766 /* CharacterDB+CoreDataClass.swift in Sources */ = {isa = PBXBuildFile; fileRef = 044B80CF27BAAD1D00890766 /* CharacterDB+CoreDataClass.swift */; };
		044B80D427BAAD1D00890766 /* CharacterDB+CoreDataProperties.swift in Sources */ = {isa = PBXBuildFile; fileRef = 044B80D027BAAD1D00890766 /* CharacterDB+CoreDataProperties.swift */; };
		044B80D527BAAD1D00890766 /* CharacterThumbnailDB+CoreDataClass.swift in Sources */ = {isa = PBXBuildFile; fileRef = 044B80D127BAAD1D00890766 /* CharacterThumbnailDB+CoreDataClass.swift */; };
		044B80D627BAAD1D00890766 /* CharacterThumbnailDB+CoreDataProperties.swift in Sources */ = {isa = PBXBuildFile; fileRef = 044B80D227BAAD1D00890766 /* CharacterThumbnailDB+CoreDataProperties.swift */; };
		044B80D927BAB79D00890766 /* ComicsVC.swift in Sources */ = {isa = PBXBuildFile; fileRef = 044B80D827BAB79D00890766 /* ComicsVC.swift */; };
		044B80DB27BAB7C500890766 /* ComicsVC.xib in Resources */ = {isa = PBXBuildFile; fileRef = 044B80DA27BAB7C500890766 /* ComicsVC.xib */; };
		044B80DE27BAB81900890766 /* ComicsViewModel.swift in Sources */ = {isa = PBXBuildFile; fileRef = 044B80DD27BAB81900890766 /* ComicsViewModel.swift */; };
		044B80E727BABD7C00890766 /* ComicsData.swift in Sources */ = {isa = PBXBuildFile; fileRef = 044B80E627BABD7C00890766 /* ComicsData.swift */; };
		044B80E927BABDA000890766 /* Comics.swift in Sources */ = {isa = PBXBuildFile; fileRef = 044B80E827BABDA000890766 /* Comics.swift */; };
		044B80EB27BABE4000890766 /* ComicsResponse.swift in Sources */ = {isa = PBXBuildFile; fileRef = 044B80EA27BABE4000890766 /* ComicsResponse.swift */; };
		04F5F53327B818580003DA35 /* AppDelegate.swift in Sources */ = {isa = PBXBuildFile; fileRef = 04F5F53227B818580003DA35 /* AppDelegate.swift */; };
		04F5F53D27B818580003DA35 /* MarvelApp.xcdatamodeld in Sources */ = {isa = PBXBuildFile; fileRef = 04F5F53B27B818580003DA35 /* MarvelApp.xcdatamodeld */; };
		04F5F53F27B8185B0003DA35 /* Assets.xcassets in Resources */ = {isa = PBXBuildFile; fileRef = 04F5F53E27B8185B0003DA35 /* Assets.xcassets */; };
		04F5F54227B8185B0003DA35 /* LaunchScreen.storyboard in Resources */ = {isa = PBXBuildFile; fileRef = 04F5F54027B8185B0003DA35 /* LaunchScreen.storyboard */; };
		04F5F54D27B8185B0003DA35 /* MarvelAppTests.swift in Sources */ = {isa = PBXBuildFile; fileRef = 04F5F54C27B8185B0003DA35 /* MarvelAppTests.swift */; };
		04F5F55727B8185B0003DA35 /* MarvelAppUITests.swift in Sources */ = {isa = PBXBuildFile; fileRef = 04F5F55627B8185B0003DA35 /* MarvelAppUITests.swift */; };
		04F5F55927B8185B0003DA35 /* MarvelAppUITestsLaunchTests.swift in Sources */ = {isa = PBXBuildFile; fileRef = 04F5F55827B8185B0003DA35 /* MarvelAppUITestsLaunchTests.swift */; };
		04F5F56C27B81AD10003DA35 /* CharacterVC.swift in Sources */ = {isa = PBXBuildFile; fileRef = 04F5F56B27B81AD10003DA35 /* CharacterVC.swift */; };
		04F5F56E27B81B0C0003DA35 /* CharacterVC.xib in Resources */ = {isa = PBXBuildFile; fileRef = 04F5F56D27B81B0C0003DA35 /* CharacterVC.xib */; };
		04F5F57127B81B980003DA35 /* CharacterViewModel.swift in Sources */ = {isa = PBXBuildFile; fileRef = 04F5F57027B81B980003DA35 /* CharacterViewModel.swift */; };
		04F5F57527B81DE30003DA35 /* NetworkProvider.swift in Sources */ = {isa = PBXBuildFile; fileRef = 04F5F57427B81DE30003DA35 /* NetworkProvider.swift */; };
		04F5F57827B81E180003DA35 /* Config+server.swift in Sources */ = {isa = PBXBuildFile; fileRef = 04F5F57727B81E180003DA35 /* Config+server.swift */; };
		04F5F57B27B81E620003DA35 /* CharacterService.swift in Sources */ = {isa = PBXBuildFile; fileRef = 04F5F57A27B81E620003DA35 /* CharacterService.swift */; };
		04F5F57E27B81F080003DA35 /* CharacterManager.swift in Sources */ = {isa = PBXBuildFile; fileRef = 04F5F57D27B81F080003DA35 /* CharacterManager.swift */; };
		04F5F58127B8208F0003DA35 /* Character.swift in Sources */ = {isa = PBXBuildFile; fileRef = 04F5F58027B8208F0003DA35 /* Character.swift */; };
		04F5F58327B8278F0003DA35 /* CharacterData.swift in Sources */ = {isa = PBXBuildFile; fileRef = 04F5F58227B8278F0003DA35 /* CharacterData.swift */; };
		04F5F58527B839B60003DA35 /* CharacterResponse.swift in Sources */ = {isa = PBXBuildFile; fileRef = 04F5F58427B839B60003DA35 /* CharacterResponse.swift */; };
		19A7A083CD5827F8FE33775C /* Pods_MarvelApp_MarvelAppUITests.framework in Frameworks */ = {isa = PBXBuildFile; fileRef = 2DFA67E99CCC4CD02CDA53E2 /* Pods_MarvelApp_MarvelAppUITests.framework */; };
		A304EA14C5083587A3537203 /* Pods_MarvelAppTests.framework in Frameworks */ = {isa = PBXBuildFile; fileRef = E50FD074D536BB0715F938AE /* Pods_MarvelAppTests.framework */; };
		FA8641B0F2FEF306B050473F /* Pods_MarvelApp.framework in Frameworks */ = {isa = PBXBuildFile; fileRef = FECDA5E9A420A6C34BABF9C3 /* Pods_MarvelApp.framework */; };
/* End PBXBuildFile section */

/* Begin PBXContainerItemProxy section */
		04F5F54927B8185B0003DA35 /* PBXContainerItemProxy */ = {
			isa = PBXContainerItemProxy;
			containerPortal = 04F5F52727B818580003DA35 /* Project object */;
			proxyType = 1;
			remoteGlobalIDString = 04F5F52E27B818580003DA35;
			remoteInfo = MarvelApp;
		};
		04F5F55327B8185B0003DA35 /* PBXContainerItemProxy */ = {
			isa = PBXContainerItemProxy;
			containerPortal = 04F5F52727B818580003DA35 /* Project object */;
			proxyType = 1;
			remoteGlobalIDString = 04F5F52E27B818580003DA35;
			remoteInfo = MarvelApp;
		};
/* End PBXContainerItemProxy section */

/* Begin PBXFileReference section */
		040ADEB527B94F370099025F /* BaseTableViewCell.swift */ = {isa = PBXFileReference; lastKnownFileType = sourcecode.swift; path = BaseTableViewCell.swift; sourceTree = "<group>"; };
		040ADEB827B94F680099025F /* NibLoadableViewProtocol.swift */ = {isa = PBXFileReference; lastKnownFileType = sourcecode.swift; path = NibLoadableViewProtocol.swift; sourceTree = "<group>"; };
		040ADEBA27B94F870099025F /* ReusableViewProtocol.swift */ = {isa = PBXFileReference; lastKnownFileType = sourcecode.swift; path = ReusableViewProtocol.swift; sourceTree = "<group>"; };
		040ADEBD27B94FD10099025F /* UITableView+register.swift */ = {isa = PBXFileReference; lastKnownFileType = sourcecode.swift; path = "UITableView+register.swift"; sourceTree = "<group>"; };
		040ADEBF27B954A70099025F /* CharacterTableCell.swift */ = {isa = PBXFileReference; lastKnownFileType = sourcecode.swift; path = CharacterTableCell.swift; sourceTree = "<group>"; };
		040ADEC127B954E00099025F /* CharacterTableCell.xib */ = {isa = PBXFileReference; lastKnownFileType = file.xib; path = CharacterTableCell.xib; sourceTree = "<group>"; };
		040ADEC327B95B020099025F /* CharacterThumbnail.swift */ = {isa = PBXFileReference; lastKnownFileType = sourcecode.swift; path = CharacterThumbnail.swift; sourceTree = "<group>"; };
		040ADEC527B9614B0099025F /* DataManager.swift */ = {isa = PBXFileReference; lastKnownFileType = sourcecode.swift; path = DataManager.swift; sourceTree = "<group>"; };
		044B80CF27BAAD1D00890766 /* CharacterDB+CoreDataClass.swift */ = {isa = PBXFileReference; lastKnownFileType = sourcecode.swift; path = "CharacterDB+CoreDataClass.swift"; sourceTree = SOURCE_ROOT; };
		044B80D027BAAD1D00890766 /* CharacterDB+CoreDataProperties.swift */ = {isa = PBXFileReference; lastKnownFileType = sourcecode.swift; path = "CharacterDB+CoreDataProperties.swift"; sourceTree = SOURCE_ROOT; };
		044B80D127BAAD1D00890766 /* CharacterThumbnailDB+CoreDataClass.swift */ = {isa = PBXFileReference; lastKnownFileType = sourcecode.swift; path = "CharacterThumbnailDB+CoreDataClass.swift"; sourceTree = SOURCE_ROOT; };
		044B80D227BAAD1D00890766 /* CharacterThumbnailDB+CoreDataProperties.swift */ = {isa = PBXFileReference; lastKnownFileType = sourcecode.swift; path = "CharacterThumbnailDB+CoreDataProperties.swift"; sourceTree = SOURCE_ROOT; };
		044B80D827BAB79D00890766 /* ComicsVC.swift */ = {isa = PBXFileReference; lastKnownFileType = sourcecode.swift; path = ComicsVC.swift; sourceTree = "<group>"; };
		044B80DA27BAB7C500890766 /* ComicsVC.xib */ = {isa = PBXFileReference; lastKnownFileType = file.xib; path = ComicsVC.xib; sourceTree = "<group>"; };
		044B80DD27BAB81900890766 /* ComicsViewModel.swift */ = {isa = PBXFileReference; lastKnownFileType = sourcecode.swift; path = ComicsViewModel.swift; sourceTree = "<group>"; };
		044B80E627BABD7C00890766 /* ComicsData.swift */ = {isa = PBXFileReference; lastKnownFileType = sourcecode.swift; path = ComicsData.swift; sourceTree = "<group>"; };
		044B80E827BABDA000890766 /* Comics.swift */ = {isa = PBXFileReference; lastKnownFileType = sourcecode.swift; path = Comics.swift; sourceTree = "<group>"; };
		044B80EA27BABE4000890766 /* ComicsResponse.swift */ = {isa = PBXFileReference; lastKnownFileType = sourcecode.swift; path = ComicsResponse.swift; sourceTree = "<group>"; };
		04F5F52F27B818580003DA35 /* MarvelApp.app */ = {isa = PBXFileReference; explicitFileType = wrapper.application; includeInIndex = 0; path = MarvelApp.app; sourceTree = BUILT_PRODUCTS_DIR; };
		04F5F53227B818580003DA35 /* AppDelegate.swift */ = {isa = PBXFileReference; lastKnownFileType = sourcecode.swift; path = AppDelegate.swift; sourceTree = "<group>"; };
		04F5F53C27B818580003DA35 /* MarvelApp.xcdatamodel */ = {isa = PBXFileReference; lastKnownFileType = wrapper.xcdatamodel; path = MarvelApp.xcdatamodel; sourceTree = "<group>"; };
		04F5F53E27B8185B0003DA35 /* Assets.xcassets */ = {isa = PBXFileReference; lastKnownFileType = folder.assetcatalog; path = Assets.xcassets; sourceTree = "<group>"; };
		04F5F54127B8185B0003DA35 /* Base */ = {isa = PBXFileReference; lastKnownFileType = file.storyboard; name = Base; path = Base.lproj/LaunchScreen.storyboard; sourceTree = "<group>"; };
		04F5F54327B8185B0003DA35 /* Info.plist */ = {isa = PBXFileReference; lastKnownFileType = text.plist.xml; path = Info.plist; sourceTree = "<group>"; };
		04F5F54827B8185B0003DA35 /* MarvelAppTests.xctest */ = {isa = PBXFileReference; explicitFileType = wrapper.cfbundle; includeInIndex = 0; path = MarvelAppTests.xctest; sourceTree = BUILT_PRODUCTS_DIR; };
		04F5F54C27B8185B0003DA35 /* MarvelAppTests.swift */ = {isa = PBXFileReference; lastKnownFileType = sourcecode.swift; path = MarvelAppTests.swift; sourceTree = "<group>"; };
		04F5F55227B8185B0003DA35 /* MarvelAppUITests.xctest */ = {isa = PBXFileReference; explicitFileType = wrapper.cfbundle; includeInIndex = 0; path = MarvelAppUITests.xctest; sourceTree = BUILT_PRODUCTS_DIR; };
		04F5F55627B8185B0003DA35 /* MarvelAppUITests.swift */ = {isa = PBXFileReference; lastKnownFileType = sourcecode.swift; path = MarvelAppUITests.swift; sourceTree = "<group>"; };
		04F5F55827B8185B0003DA35 /* MarvelAppUITestsLaunchTests.swift */ = {isa = PBXFileReference; lastKnownFileType = sourcecode.swift; path = MarvelAppUITestsLaunchTests.swift; sourceTree = "<group>"; };
		04F5F56B27B81AD10003DA35 /* CharacterVC.swift */ = {isa = PBXFileReference; lastKnownFileType = sourcecode.swift; path = CharacterVC.swift; sourceTree = "<group>"; };
		04F5F56D27B81B0C0003DA35 /* CharacterVC.xib */ = {isa = PBXFileReference; lastKnownFileType = file.xib; path = CharacterVC.xib; sourceTree = "<group>"; };
		04F5F57027B81B980003DA35 /* CharacterViewModel.swift */ = {isa = PBXFileReference; lastKnownFileType = sourcecode.swift; path = CharacterViewModel.swift; sourceTree = "<group>"; };
		04F5F57427B81DE30003DA35 /* NetworkProvider.swift */ = {isa = PBXFileReference; lastKnownFileType = sourcecode.swift; path = NetworkProvider.swift; sourceTree = "<group>"; };
		04F5F57727B81E180003DA35 /* Config+server.swift */ = {isa = PBXFileReference; lastKnownFileType = sourcecode.swift; path = "Config+server.swift"; sourceTree = "<group>"; };
		04F5F57A27B81E620003DA35 /* CharacterService.swift */ = {isa = PBXFileReference; lastKnownFileType = sourcecode.swift; path = CharacterService.swift; sourceTree = "<group>"; };
		04F5F57D27B81F080003DA35 /* CharacterManager.swift */ = {isa = PBXFileReference; lastKnownFileType = sourcecode.swift; path = CharacterManager.swift; sourceTree = "<group>"; };
		04F5F58027B8208F0003DA35 /* Character.swift */ = {isa = PBXFileReference; lastKnownFileType = sourcecode.swift; path = Character.swift; sourceTree = "<group>"; };
		04F5F58227B8278F0003DA35 /* CharacterData.swift */ = {isa = PBXFileReference; lastKnownFileType = sourcecode.swift; path = CharacterData.swift; sourceTree = "<group>"; };
		04F5F58427B839B60003DA35 /* CharacterResponse.swift */ = {isa = PBXFileReference; lastKnownFileType = sourcecode.swift; path = CharacterResponse.swift; sourceTree = "<group>"; };
		23D069354E3D239CB5A763C5 /* Pods-MarvelApp-MarvelAppUITests.release.xcconfig */ = {isa = PBXFileReference; includeInIndex = 1; lastKnownFileType = text.xcconfig; name = "Pods-MarvelApp-MarvelAppUITests.release.xcconfig"; path = "Target Support Files/Pods-MarvelApp-MarvelAppUITests/Pods-MarvelApp-MarvelAppUITests.release.xcconfig"; sourceTree = "<group>"; };
		299A53DDE07C111962ECDA31 /* Pods-MarvelApp-MarvelAppUITests.debug.xcconfig */ = {isa = PBXFileReference; includeInIndex = 1; lastKnownFileType = text.xcconfig; name = "Pods-MarvelApp-MarvelAppUITests.debug.xcconfig"; path = "Target Support Files/Pods-MarvelApp-MarvelAppUITests/Pods-MarvelApp-MarvelAppUITests.debug.xcconfig"; sourceTree = "<group>"; };
		2DFA67E99CCC4CD02CDA53E2 /* Pods_MarvelApp_MarvelAppUITests.framework */ = {isa = PBXFileReference; explicitFileType = wrapper.framework; includeInIndex = 0; path = Pods_MarvelApp_MarvelAppUITests.framework; sourceTree = BUILT_PRODUCTS_DIR; };
		4B60662E0D20ACD9825827CA /* Pods-MarvelApp.debug.xcconfig */ = {isa = PBXFileReference; includeInIndex = 1; lastKnownFileType = text.xcconfig; name = "Pods-MarvelApp.debug.xcconfig"; path = "Target Support Files/Pods-MarvelApp/Pods-MarvelApp.debug.xcconfig"; sourceTree = "<group>"; };
		763250F21D9D3199D36EB302 /* Pods-MarvelAppTests.release.xcconfig */ = {isa = PBXFileReference; includeInIndex = 1; lastKnownFileType = text.xcconfig; name = "Pods-MarvelAppTests.release.xcconfig"; path = "Target Support Files/Pods-MarvelAppTests/Pods-MarvelAppTests.release.xcconfig"; sourceTree = "<group>"; };
		9C5BA8104FAB32F29F2936D0 /* Pods-MarvelApp.release.xcconfig */ = {isa = PBXFileReference; includeInIndex = 1; lastKnownFileType = text.xcconfig; name = "Pods-MarvelApp.release.xcconfig"; path = "Target Support Files/Pods-MarvelApp/Pods-MarvelApp.release.xcconfig"; sourceTree = "<group>"; };
		E50FD074D536BB0715F938AE /* Pods_MarvelAppTests.framework */ = {isa = PBXFileReference; explicitFileType = wrapper.framework; includeInIndex = 0; path = Pods_MarvelAppTests.framework; sourceTree = BUILT_PRODUCTS_DIR; };
		FB9A891C67B58405231DCE47 /* Pods-MarvelAppTests.debug.xcconfig */ = {isa = PBXFileReference; includeInIndex = 1; lastKnownFileType = text.xcconfig; name = "Pods-MarvelAppTests.debug.xcconfig"; path = "Target Support Files/Pods-MarvelAppTests/Pods-MarvelAppTests.debug.xcconfig"; sourceTree = "<group>"; };
		FECDA5E9A420A6C34BABF9C3 /* Pods_MarvelApp.framework */ = {isa = PBXFileReference; explicitFileType = wrapper.framework; includeInIndex = 0; path = Pods_MarvelApp.framework; sourceTree = BUILT_PRODUCTS_DIR; };
/* End PBXFileReference section */

/* Begin PBXFrameworksBuildPhase section */
		04F5F52C27B818580003DA35 /* Frameworks */ = {
			isa = PBXFrameworksBuildPhase;
			buildActionMask = 2147483647;
			files = (
				FA8641B0F2FEF306B050473F /* Pods_MarvelApp.framework in Frameworks */,
			);
			runOnlyForDeploymentPostprocessing = 0;
		};
		04F5F54527B8185B0003DA35 /* Frameworks */ = {
			isa = PBXFrameworksBuildPhase;
			buildActionMask = 2147483647;
			files = (
				A304EA14C5083587A3537203 /* Pods_MarvelAppTests.framework in Frameworks */,
			);
			runOnlyForDeploymentPostprocessing = 0;
		};
		04F5F54F27B8185B0003DA35 /* Frameworks */ = {
			isa = PBXFrameworksBuildPhase;
			buildActionMask = 2147483647;
			files = (
				19A7A083CD5827F8FE33775C /* Pods_MarvelApp_MarvelAppUITests.framework in Frameworks */,
			);
			runOnlyForDeploymentPostprocessing = 0;
		};
/* End PBXFrameworksBuildPhase section */

/* Begin PBXGroup section */
		040ADEB327B94EA20099025F /* Cells */ = {
			isa = PBXGroup;
			children = (
				040ADEBF27B954A70099025F /* CharacterTableCell.swift */,
				040ADEC127B954E00099025F /* CharacterTableCell.xib */,
			);
			path = Cells;
			sourceTree = "<group>";
		};
		040ADEB427B94F130099025F /* Basic */ = {
			isa = PBXGroup;
			children = (
				040ADEB527B94F370099025F /* BaseTableViewCell.swift */,
			);
			path = Basic;
			sourceTree = "<group>";
		};
		040ADEB727B94F570099025F /* Protocols */ = {
			isa = PBXGroup;
			children = (
				040ADEB827B94F680099025F /* NibLoadableViewProtocol.swift */,
				040ADEBA27B94F870099025F /* ReusableViewProtocol.swift */,
			);
			path = Protocols;
			sourceTree = "<group>";
		};
		040ADEBC27B94FA20099025F /* Extensions */ = {
			isa = PBXGroup;
			children = (
				040ADEBD27B94FD10099025F /* UITableView+register.swift */,
			);
			path = Extensions;
			sourceTree = "<group>";
		};
		040ADEC727B961500099025F /* Managers */ = {
			isa = PBXGroup;
			children = (
				040ADEC527B9614B0099025F /* DataManager.swift */,
			);
			path = Managers;
			sourceTree = "<group>";
		};
		040ADEC827B96D1D0099025F /* Models */ = {
			isa = PBXGroup;
			children = (
				044B80CF27BAAD1D00890766 /* CharacterDB+CoreDataClass.swift */,
				044B80D027BAAD1D00890766 /* CharacterDB+CoreDataProperties.swift */,
				044B80D127BAAD1D00890766 /* CharacterThumbnailDB+CoreDataClass.swift */,
				044B80D227BAAD1D00890766 /* CharacterThumbnailDB+CoreDataProperties.swift */,
			);
			path = Models;
			sourceTree = "<group>";
		};
		040ADECD27B96D740099025F /* DB */ = {
			isa = PBXGroup;
			children = (
				04F5F53B27B818580003DA35 /* MarvelApp.xcdatamodeld */,
			);
			path = DB;
			sourceTree = "<group>";
		};
		044B80D727BAB78A00890766 /* Comics */ = {
			isa = PBXGroup;
			children = (
				044B80DC27BAB80400890766 /* ViewModel */,
				044B80D827BAB79D00890766 /* ComicsVC.swift */,
				044B80DA27BAB7C500890766 /* ComicsVC.xib */,
			);
			path = Comics;
			sourceTree = "<group>";
		};
		044B80DC27BAB80400890766 /* ViewModel */ = {
			isa = PBXGroup;
			children = (
				044B80DD27BAB81900890766 /* ComicsViewModel.swift */,
			);
			path = ViewModel;
			sourceTree = "<group>";
		};
		04F5F52627B818580003DA35 = {
			isa = PBXGroup;
			children = (
				04F5F53127B818580003DA35 /* MarvelApp */,
				04F5F54B27B8185B0003DA35 /* MarvelAppTests */,
				04F5F55527B8185B0003DA35 /* MarvelAppUITests */,
				04F5F53027B818580003DA35 /* Products */,
				5E33CCDF4A0EDF028D5DAC9D /* Pods */,
				EB6436EFF1DB5B2AB8235E31 /* Frameworks */,
			);
			sourceTree = "<group>";
		};
		04F5F53027B818580003DA35 /* Products */ = {
			isa = PBXGroup;
			children = (
				04F5F52F27B818580003DA35 /* MarvelApp.app */,
				04F5F54827B8185B0003DA35 /* MarvelAppTests.xctest */,
				04F5F55227B8185B0003DA35 /* MarvelAppUITests.xctest */,
			);
			name = Products;
			sourceTree = "<group>";
		};
		04F5F53127B818580003DA35 /* MarvelApp */ = {
			isa = PBXGroup;
			children = (
				04F5F53227B818580003DA35 /* AppDelegate.swift */,
				04F5F56627B819E80003DA35 /* Classes */,
				04F5F57627B81E030003DA35 /* Config */,
				04F5F56527B819DA0003DA35 /* Controllers */,
				04F5F56927B81A270003DA35 /* Images */,
				04F5F54327B8185B0003DA35 /* Info.plist */,
				04F5F56827B81A140003DA35 /* Storyboards */,
			);
			path = MarvelApp;
			sourceTree = "<group>";
		};
		04F5F54B27B8185B0003DA35 /* MarvelAppTests */ = {
			isa = PBXGroup;
			children = (
				04F5F54C27B8185B0003DA35 /* MarvelAppTests.swift */,
			);
			path = MarvelAppTests;
			sourceTree = "<group>";
		};
		04F5F55527B8185B0003DA35 /* MarvelAppUITests */ = {
			isa = PBXGroup;
			children = (
				04F5F55627B8185B0003DA35 /* MarvelAppUITests.swift */,
				04F5F55827B8185B0003DA35 /* MarvelAppUITestsLaunchTests.swift */,
			);
			path = MarvelAppUITests;
			sourceTree = "<group>";
		};
		04F5F56527B819DA0003DA35 /* Controllers */ = {
			isa = PBXGroup;
			children = (
				044B80D727BAB78A00890766 /* Comics */,
				04F5F56A27B81A830003DA35 /* Character */,
			);
			path = Controllers;
			sourceTree = "<group>";
		};
		04F5F56627B819E80003DA35 /* Classes */ = {
			isa = PBXGroup;
			children = (
				040ADEB427B94F130099025F /* Basic */,
				04F5F56727B819F10003DA35 /* DataBase */,
				040ADEBC27B94FA20099025F /* Extensions */,
				04F5F57227B81DBD0003DA35 /* Networking */,
				040ADEB727B94F570099025F /* Protocols */,
			);
			path = Classes;
			sourceTree = "<group>";
		};
		04F5F56727B819F10003DA35 /* DataBase */ = {
			isa = PBXGroup;
			children = (
				040ADECD27B96D740099025F /* DB */,
				040ADEC727B961500099025F /* Managers */,
				040ADEC827B96D1D0099025F /* Models */,
			);
			path = DataBase;
			sourceTree = "<group>";
		};
		04F5F56827B81A140003DA35 /* Storyboards */ = {
			isa = PBXGroup;
			children = (
				04F5F54027B8185B0003DA35 /* LaunchScreen.storyboard */,
			);
			path = Storyboards;
			sourceTree = "<group>";
		};
		04F5F56927B81A270003DA35 /* Images */ = {
			isa = PBXGroup;
			children = (
				04F5F53E27B8185B0003DA35 /* Assets.xcassets */,
			);
			path = Images;
			sourceTree = "<group>";
		};
		04F5F56A27B81A830003DA35 /* Character */ = {
			isa = PBXGroup;
			children = (
				040ADEB327B94EA20099025F /* Cells */,
				04F5F56F27B81B820003DA35 /* ViewModel */,
				04F5F56B27B81AD10003DA35 /* CharacterVC.swift */,
				04F5F56D27B81B0C0003DA35 /* CharacterVC.xib */,
			);
			path = Character;
			sourceTree = "<group>";
		};
		04F5F56F27B81B820003DA35 /* ViewModel */ = {
			isa = PBXGroup;
			children = (
				04F5F57027B81B980003DA35 /* CharacterViewModel.swift */,
			);
			path = ViewModel;
			sourceTree = "<group>";
		};
		04F5F57227B81DBD0003DA35 /* Networking */ = {
			isa = PBXGroup;
			children = (
				04F5F57F27B820780003DA35 /* Models */,
				04F5F57C27B81EF30003DA35 /* Managers */,
				04F5F57927B81E530003DA35 /* Services */,
				04F5F57327B81DC90003DA35 /* Provider */,
			);
			path = Networking;
			sourceTree = "<group>";
		};
		04F5F57327B81DC90003DA35 /* Provider */ = {
			isa = PBXGroup;
			children = (
				04F5F57427B81DE30003DA35 /* NetworkProvider.swift */,
			);
			path = Provider;
			sourceTree = "<group>";
		};
		04F5F57627B81E030003DA35 /* Config */ = {
			isa = PBXGroup;
			children = (
				04F5F57727B81E180003DA35 /* Config+server.swift */,
			);
			path = Config;
			sourceTree = "<group>";
		};
		04F5F57927B81E530003DA35 /* Services */ = {
			isa = PBXGroup;
			children = (
				04F5F57A27B81E620003DA35 /* CharacterService.swift */,
			);
			path = Services;
			sourceTree = "<group>";
		};
		04F5F57C27B81EF30003DA35 /* Managers */ = {
			isa = PBXGroup;
			children = (
				04F5F57D27B81F080003DA35 /* CharacterManager.swift */,
			);
			path = Managers;
			sourceTree = "<group>";
		};
		04F5F57F27B820780003DA35 /* Models */ = {
			isa = PBXGroup;
			children = (
				04F5F58027B8208F0003DA35 /* Character.swift */,
				04F5F58227B8278F0003DA35 /* CharacterData.swift */,
				04F5F58427B839B60003DA35 /* CharacterResponse.swift */,
				040ADEC327B95B020099025F /* CharacterThumbnail.swift */,
				044B80E827BABDA000890766 /* Comics.swift */,
				044B80E627BABD7C00890766 /* ComicsData.swift */,
				044B80EA27BABE4000890766 /* ComicsResponse.swift */,
			);
			path = Models;
			sourceTree = "<group>";
		};
		5E33CCDF4A0EDF028D5DAC9D /* Pods */ = {
			isa = PBXGroup;
			children = (
				4B60662E0D20ACD9825827CA /* Pods-MarvelApp.debug.xcconfig */,
				9C5BA8104FAB32F29F2936D0 /* Pods-MarvelApp.release.xcconfig */,
				299A53DDE07C111962ECDA31 /* Pods-MarvelApp-MarvelAppUITests.debug.xcconfig */,
				23D069354E3D239CB5A763C5 /* Pods-MarvelApp-MarvelAppUITests.release.xcconfig */,
				FB9A891C67B58405231DCE47 /* Pods-MarvelAppTests.debug.xcconfig */,
				763250F21D9D3199D36EB302 /* Pods-MarvelAppTests.release.xcconfig */,
			);
			path = Pods;
			sourceTree = "<group>";
		};
		EB6436EFF1DB5B2AB8235E31 /* Frameworks */ = {
			isa = PBXGroup;
			children = (
				FECDA5E9A420A6C34BABF9C3 /* Pods_MarvelApp.framework */,
				2DFA67E99CCC4CD02CDA53E2 /* Pods_MarvelApp_MarvelAppUITests.framework */,
				E50FD074D536BB0715F938AE /* Pods_MarvelAppTests.framework */,
			);
			name = Frameworks;
			sourceTree = "<group>";
		};
/* End PBXGroup section */

/* Begin PBXNativeTarget section */
		04F5F52E27B818580003DA35 /* MarvelApp */ = {
			isa = PBXNativeTarget;
			buildConfigurationList = 04F5F55C27B8185B0003DA35 /* Build configuration list for PBXNativeTarget "MarvelApp" */;
			buildPhases = (
				E6A6AAB12EFA63FDBCCAB130 /* [CP] Check Pods Manifest.lock */,
				04F5F52B27B818580003DA35 /* Sources */,
				04F5F52C27B818580003DA35 /* Frameworks */,
				04F5F52D27B818580003DA35 /* Resources */,
				5C0CE58DB5089C59CB8A06E8 /* [CP] Embed Pods Frameworks */,
			);
			buildRules = (
			);
			dependencies = (
			);
			name = MarvelApp;
			productName = MarvelApp;
			productReference = 04F5F52F27B818580003DA35 /* MarvelApp.app */;
			productType = "com.apple.product-type.application";
		};
		04F5F54727B8185B0003DA35 /* MarvelAppTests */ = {
			isa = PBXNativeTarget;
			buildConfigurationList = 04F5F55F27B8185B0003DA35 /* Build configuration list for PBXNativeTarget "MarvelAppTests" */;
			buildPhases = (
				96F69FB313C767EE38588D52 /* [CP] Check Pods Manifest.lock */,
				04F5F54427B8185B0003DA35 /* Sources */,
				04F5F54527B8185B0003DA35 /* Frameworks */,
				04F5F54627B8185B0003DA35 /* Resources */,
			);
			buildRules = (
			);
			dependencies = (
				04F5F54A27B8185B0003DA35 /* PBXTargetDependency */,
			);
			name = MarvelAppTests;
			productName = MarvelAppTests;
			productReference = 04F5F54827B8185B0003DA35 /* MarvelAppTests.xctest */;
			productType = "com.apple.product-type.bundle.unit-test";
		};
		04F5F55127B8185B0003DA35 /* MarvelAppUITests */ = {
			isa = PBXNativeTarget;
			buildConfigurationList = 04F5F56227B8185B0003DA35 /* Build configuration list for PBXNativeTarget "MarvelAppUITests" */;
			buildPhases = (
				858889213BD1366E75CF9E6D /* [CP] Check Pods Manifest.lock */,
				04F5F54E27B8185B0003DA35 /* Sources */,
				04F5F54F27B8185B0003DA35 /* Frameworks */,
				04F5F55027B8185B0003DA35 /* Resources */,
				7C3F5C6D6B91C089A5CEC951 /* [CP] Embed Pods Frameworks */,
			);
			buildRules = (
			);
			dependencies = (
				04F5F55427B8185B0003DA35 /* PBXTargetDependency */,
			);
			name = MarvelAppUITests;
			productName = MarvelAppUITests;
			productReference = 04F5F55227B8185B0003DA35 /* MarvelAppUITests.xctest */;
			productType = "com.apple.product-type.bundle.ui-testing";
		};
/* End PBXNativeTarget section */

/* Begin PBXProject section */
		04F5F52727B818580003DA35 /* Project object */ = {
			isa = PBXProject;
			attributes = {
				BuildIndependentTargetsInParallel = 1;
				LastSwiftUpdateCheck = 1320;
				LastUpgradeCheck = 1320;
				TargetAttributes = {
					04F5F52E27B818580003DA35 = {
						CreatedOnToolsVersion = 13.2.1;
					};
					04F5F54727B8185B0003DA35 = {
						CreatedOnToolsVersion = 13.2.1;
						TestTargetID = 04F5F52E27B818580003DA35;
					};
					04F5F55127B8185B0003DA35 = {
						CreatedOnToolsVersion = 13.2.1;
						TestTargetID = 04F5F52E27B818580003DA35;
					};
				};
			};
			buildConfigurationList = 04F5F52A27B818580003DA35 /* Build configuration list for PBXProject "MarvelApp" */;
			compatibilityVersion = "Xcode 13.0";
			developmentRegion = en;
			hasScannedForEncodings = 0;
			knownRegions = (
				en,
				Base,
			);
			mainGroup = 04F5F52627B818580003DA35;
			productRefGroup = 04F5F53027B818580003DA35 /* Products */;
			projectDirPath = "";
			projectRoot = "";
			targets = (
				04F5F52E27B818580003DA35 /* MarvelApp */,
				04F5F54727B8185B0003DA35 /* MarvelAppTests */,
				04F5F55127B8185B0003DA35 /* MarvelAppUITests */,
			);
		};
/* End PBXProject section */

/* Begin PBXResourcesBuildPhase section */
		04F5F52D27B818580003DA35 /* Resources */ = {
			isa = PBXResourcesBuildPhase;
			buildActionMask = 2147483647;
			files = (
				040ADEC227B954E00099025F /* CharacterTableCell.xib in Resources */,
				04F5F56E27B81B0C0003DA35 /* CharacterVC.xib in Resources */,
				04F5F54227B8185B0003DA35 /* LaunchScreen.storyboard in Resources */,
				044B80DB27BAB7C500890766 /* ComicsVC.xib in Resources */,
				04F5F53F27B8185B0003DA35 /* Assets.xcassets in Resources */,
			);
			runOnlyForDeploymentPostprocessing = 0;
		};
		04F5F54627B8185B0003DA35 /* Resources */ = {
			isa = PBXResourcesBuildPhase;
			buildActionMask = 2147483647;
			files = (
			);
			runOnlyForDeploymentPostprocessing = 0;
		};
		04F5F55027B8185B0003DA35 /* Resources */ = {
			isa = PBXResourcesBuildPhase;
			buildActionMask = 2147483647;
			files = (
			);
			runOnlyForDeploymentPostprocessing = 0;
		};
/* End PBXResourcesBuildPhase section */

/* Begin PBXShellScriptBuildPhase section */
		5C0CE58DB5089C59CB8A06E8 /* [CP] Embed Pods Frameworks */ = {
			isa = PBXShellScriptBuildPhase;
			buildActionMask = 2147483647;
			files = (
			);
			inputFileListPaths = (
				"${PODS_ROOT}/Target Support Files/Pods-MarvelApp/Pods-MarvelApp-frameworks-${CONFIGURATION}-input-files.xcfilelist",
			);
			name = "[CP] Embed Pods Frameworks";
			outputFileListPaths = (
				"${PODS_ROOT}/Target Support Files/Pods-MarvelApp/Pods-MarvelApp-frameworks-${CONFIGURATION}-output-files.xcfilelist",
			);
			runOnlyForDeploymentPostprocessing = 0;
			shellPath = /bin/sh;
			shellScript = "\"${PODS_ROOT}/Target Support Files/Pods-MarvelApp/Pods-MarvelApp-frameworks.sh\"\n";
			showEnvVarsInLog = 0;
		};
		7C3F5C6D6B91C089A5CEC951 /* [CP] Embed Pods Frameworks */ = {
			isa = PBXShellScriptBuildPhase;
			buildActionMask = 2147483647;
			files = (
			);
			inputFileListPaths = (
				"${PODS_ROOT}/Target Support Files/Pods-MarvelApp-MarvelAppUITests/Pods-MarvelApp-MarvelAppUITests-frameworks-${CONFIGURATION}-input-files.xcfilelist",
			);
			name = "[CP] Embed Pods Frameworks";
			outputFileListPaths = (
				"${PODS_ROOT}/Target Support Files/Pods-MarvelApp-MarvelAppUITests/Pods-MarvelApp-MarvelAppUITests-frameworks-${CONFIGURATION}-output-files.xcfilelist",
			);
			runOnlyForDeploymentPostprocessing = 0;
			shellPath = /bin/sh;
			shellScript = "\"${PODS_ROOT}/Target Support Files/Pods-MarvelApp-MarvelAppUITests/Pods-MarvelApp-MarvelAppUITests-frameworks.sh\"\n";
			showEnvVarsInLog = 0;
		};
		858889213BD1366E75CF9E6D /* [CP] Check Pods Manifest.lock */ = {
			isa = PBXShellScriptBuildPhase;
			buildActionMask = 2147483647;
			files = (
			);
			inputFileListPaths = (
			);
			inputPaths = (
				"${PODS_PODFILE_DIR_PATH}/Podfile.lock",
				"${PODS_ROOT}/Manifest.lock",
			);
			name = "[CP] Check Pods Manifest.lock";
			outputFileListPaths = (
			);
			outputPaths = (
				"$(DERIVED_FILE_DIR)/Pods-MarvelApp-MarvelAppUITests-checkManifestLockResult.txt",
			);
			runOnlyForDeploymentPostprocessing = 0;
			shellPath = /bin/sh;
			shellScript = "diff \"${PODS_PODFILE_DIR_PATH}/Podfile.lock\" \"${PODS_ROOT}/Manifest.lock\" > /dev/null\nif [ $? != 0 ] ; then\n    # print error to STDERR\n    echo \"error: The sandbox is not in sync with the Podfile.lock. Run 'pod install' or update your CocoaPods installation.\" >&2\n    exit 1\nfi\n# This output is used by Xcode 'outputs' to avoid re-running this script phase.\necho \"SUCCESS\" > \"${SCRIPT_OUTPUT_FILE_0}\"\n";
			showEnvVarsInLog = 0;
		};
		96F69FB313C767EE38588D52 /* [CP] Check Pods Manifest.lock */ = {
			isa = PBXShellScriptBuildPhase;
			buildActionMask = 2147483647;
			files = (
			);
			inputFileListPaths = (
			);
			inputPaths = (
				"${PODS_PODFILE_DIR_PATH}/Podfile.lock",
				"${PODS_ROOT}/Manifest.lock",
			);
			name = "[CP] Check Pods Manifest.lock";
			outputFileListPaths = (
			);
			outputPaths = (
				"$(DERIVED_FILE_DIR)/Pods-MarvelAppTests-checkManifestLockResult.txt",
			);
			runOnlyForDeploymentPostprocessing = 0;
			shellPath = /bin/sh;
			shellScript = "diff \"${PODS_PODFILE_DIR_PATH}/Podfile.lock\" \"${PODS_ROOT}/Manifest.lock\" > /dev/null\nif [ $? != 0 ] ; then\n    # print error to STDERR\n    echo \"error: The sandbox is not in sync with the Podfile.lock. Run 'pod install' or update your CocoaPods installation.\" >&2\n    exit 1\nfi\n# This output is used by Xcode 'outputs' to avoid re-running this script phase.\necho \"SUCCESS\" > \"${SCRIPT_OUTPUT_FILE_0}\"\n";
			showEnvVarsInLog = 0;
		};
		E6A6AAB12EFA63FDBCCAB130 /* [CP] Check Pods Manifest.lock */ = {
			isa = PBXShellScriptBuildPhase;
			buildActionMask = 2147483647;
			files = (
			);
			inputFileListPaths = (
			);
			inputPaths = (
				"${PODS_PODFILE_DIR_PATH}/Podfile.lock",
				"${PODS_ROOT}/Manifest.lock",
			);
			name = "[CP] Check Pods Manifest.lock";
			outputFileListPaths = (
			);
			outputPaths = (
				"$(DERIVED_FILE_DIR)/Pods-MarvelApp-checkManifestLockResult.txt",
			);
			runOnlyForDeploymentPostprocessing = 0;
			shellPath = /bin/sh;
			shellScript = "diff \"${PODS_PODFILE_DIR_PATH}/Podfile.lock\" \"${PODS_ROOT}/Manifest.lock\" > /dev/null\nif [ $? != 0 ] ; then\n    # print error to STDERR\n    echo \"error: The sandbox is not in sync with the Podfile.lock. Run 'pod install' or update your CocoaPods installation.\" >&2\n    exit 1\nfi\n# This output is used by Xcode 'outputs' to avoid re-running this script phase.\necho \"SUCCESS\" > \"${SCRIPT_OUTPUT_FILE_0}\"\n";
			showEnvVarsInLog = 0;
		};
/* End PBXShellScriptBuildPhase section */

/* Begin PBXSourcesBuildPhase section */
		04F5F52B27B818580003DA35 /* Sources */ = {
			isa = PBXSourcesBuildPhase;
			buildActionMask = 2147483647;
			files = (
				04F5F58527B839B60003DA35 /* CharacterResponse.swift in Sources */,
				044B80D327BAAD1D00890766 /* CharacterDB+CoreDataClass.swift in Sources */,
				04F5F58127B8208F0003DA35 /* Character.swift in Sources */,
				04F5F57127B81B980003DA35 /* CharacterViewModel.swift in Sources */,
				04F5F57E27B81F080003DA35 /* CharacterManager.swift in Sources */,
				040ADEB627B94F370099025F /* BaseTableViewCell.swift in Sources */,
				040ADEB927B94F680099025F /* NibLoadableViewProtocol.swift in Sources */,
				04F5F53327B818580003DA35 /* AppDelegate.swift in Sources */,
				040ADEC627B9614B0099025F /* DataManager.swift in Sources */,
				044B80D427BAAD1D00890766 /* CharacterDB+CoreDataProperties.swift in Sources */,
				04F5F57B27B81E620003DA35 /* CharacterService.swift in Sources */,
				044B80D927BAB79D00890766 /* ComicsVC.swift in Sources */,
				040ADEC027B954A70099025F /* CharacterTableCell.swift in Sources */,
				044B80E927BABDA000890766 /* Comics.swift in Sources */,
				044B80D627BAAD1D00890766 /* CharacterThumbnailDB+CoreDataProperties.swift in Sources */,
				044B80E727BABD7C00890766 /* ComicsData.swift in Sources */,
				04F5F57827B81E180003DA35 /* Config+server.swift in Sources */,
				044B80D527BAAD1D00890766 /* CharacterThumbnailDB+CoreDataClass.swift in Sources */,
				04F5F56C27B81AD10003DA35 /* CharacterVC.swift in Sources */,
				04F5F58327B8278F0003DA35 /* CharacterData.swift in Sources */,
				044B80DE27BAB81900890766 /* ComicsViewModel.swift in Sources */,
				040ADEBB27B94F870099025F /* ReusableViewProtocol.swift in Sources */,
				04F5F53D27B818580003DA35 /* MarvelApp.xcdatamodeld in Sources */,
				044B80EB27BABE4000890766 /* ComicsResponse.swift in Sources */,
				04F5F57527B81DE30003DA35 /* NetworkProvider.swift in Sources */,
				040ADEBE27B94FD10099025F /* UITableView+register.swift in Sources */,
				040ADEC427B95B020099025F /* CharacterThumbnail.swift in Sources */,
			);
			runOnlyForDeploymentPostprocessing = 0;
		};
		04F5F54427B8185B0003DA35 /* Sources */ = {
			isa = PBXSourcesBuildPhase;
			buildActionMask = 2147483647;
			files = (
				04F5F54D27B8185B0003DA35 /* MarvelAppTests.swift in Sources */,
			);
			runOnlyForDeploymentPostprocessing = 0;
		};
		04F5F54E27B8185B0003DA35 /* Sources */ = {
			isa = PBXSourcesBuildPhase;
			buildActionMask = 2147483647;
			files = (
				04F5F55727B8185B0003DA35 /* MarvelAppUITests.swift in Sources */,
				04F5F55927B8185B0003DA35 /* MarvelAppUITestsLaunchTests.swift in Sources */,
			);
			runOnlyForDeploymentPostprocessing = 0;
		};
/* End PBXSourcesBuildPhase section */

/* Begin PBXTargetDependency section */
		04F5F54A27B8185B0003DA35 /* PBXTargetDependency */ = {
			isa = PBXTargetDependency;
			target = 04F5F52E27B818580003DA35 /* MarvelApp */;
			targetProxy = 04F5F54927B8185B0003DA35 /* PBXContainerItemProxy */;
		};
		04F5F55427B8185B0003DA35 /* PBXTargetDependency */ = {
			isa = PBXTargetDependency;
			target = 04F5F52E27B818580003DA35 /* MarvelApp */;
			targetProxy = 04F5F55327B8185B0003DA35 /* PBXContainerItemProxy */;
		};
/* End PBXTargetDependency section */

/* Begin PBXVariantGroup section */
		04F5F54027B8185B0003DA35 /* LaunchScreen.storyboard */ = {
			isa = PBXVariantGroup;
			children = (
				04F5F54127B8185B0003DA35 /* Base */,
			);
			name = LaunchScreen.storyboard;
			sourceTree = "<group>";
		};
/* End PBXVariantGroup section */

/* Begin XCBuildConfiguration section */
		04F5F55A27B8185B0003DA35 /* Debug */ = {
			isa = XCBuildConfiguration;
			buildSettings = {
				ALWAYS_SEARCH_USER_PATHS = NO;
				CLANG_ANALYZER_NONNULL = YES;
				CLANG_ANALYZER_NUMBER_OBJECT_CONVERSION = YES_AGGRESSIVE;
				CLANG_CXX_LANGUAGE_STANDARD = "gnu++17";
				CLANG_CXX_LIBRARY = "libc++";
				CLANG_ENABLE_MODULES = YES;
				CLANG_ENABLE_OBJC_ARC = YES;
				CLANG_ENABLE_OBJC_WEAK = YES;
				CLANG_WARN_BLOCK_CAPTURE_AUTORELEASING = YES;
				CLANG_WARN_BOOL_CONVERSION = YES;
				CLANG_WARN_COMMA = YES;
				CLANG_WARN_CONSTANT_CONVERSION = YES;
				CLANG_WARN_DEPRECATED_OBJC_IMPLEMENTATIONS = YES;
				CLANG_WARN_DIRECT_OBJC_ISA_USAGE = YES_ERROR;
				CLANG_WARN_DOCUMENTATION_COMMENTS = YES;
				CLANG_WARN_EMPTY_BODY = YES;
				CLANG_WARN_ENUM_CONVERSION = YES;
				CLANG_WARN_INFINITE_RECURSION = YES;
				CLANG_WARN_INT_CONVERSION = YES;
				CLANG_WARN_NON_LITERAL_NULL_CONVERSION = YES;
				CLANG_WARN_OBJC_IMPLICIT_RETAIN_SELF = YES;
				CLANG_WARN_OBJC_LITERAL_CONVERSION = YES;
				CLANG_WARN_OBJC_ROOT_CLASS = YES_ERROR;
				CLANG_WARN_QUOTED_INCLUDE_IN_FRAMEWORK_HEADER = YES;
				CLANG_WARN_RANGE_LOOP_ANALYSIS = YES;
				CLANG_WARN_STRICT_PROTOTYPES = YES;
				CLANG_WARN_SUSPICIOUS_MOVE = YES;
				CLANG_WARN_UNGUARDED_AVAILABILITY = YES_AGGRESSIVE;
				CLANG_WARN_UNREACHABLE_CODE = YES;
				CLANG_WARN__DUPLICATE_METHOD_MATCH = YES;
				COPY_PHASE_STRIP = NO;
				DEBUG_INFORMATION_FORMAT = dwarf;
				ENABLE_STRICT_OBJC_MSGSEND = YES;
				ENABLE_TESTABILITY = YES;
				GCC_C_LANGUAGE_STANDARD = gnu11;
				GCC_DYNAMIC_NO_PIC = NO;
				GCC_NO_COMMON_BLOCKS = YES;
				GCC_OPTIMIZATION_LEVEL = 0;
				GCC_PREPROCESSOR_DEFINITIONS = (
					"DEBUG=1",
					"$(inherited)",
				);
				GCC_WARN_64_TO_32_BIT_CONVERSION = YES;
				GCC_WARN_ABOUT_RETURN_TYPE = YES_ERROR;
				GCC_WARN_UNDECLARED_SELECTOR = YES;
				GCC_WARN_UNINITIALIZED_AUTOS = YES_AGGRESSIVE;
				GCC_WARN_UNUSED_FUNCTION = YES;
				GCC_WARN_UNUSED_VARIABLE = YES;
				IPHONEOS_DEPLOYMENT_TARGET = 15.2;
				MTL_ENABLE_DEBUG_INFO = INCLUDE_SOURCE;
				MTL_FAST_MATH = YES;
				ONLY_ACTIVE_ARCH = YES;
				SDKROOT = iphoneos;
				SWIFT_ACTIVE_COMPILATION_CONDITIONS = DEBUG;
				SWIFT_OPTIMIZATION_LEVEL = "-Onone";
			};
			name = Debug;
		};
		04F5F55B27B8185B0003DA35 /* Release */ = {
			isa = XCBuildConfiguration;
			buildSettings = {
				ALWAYS_SEARCH_USER_PATHS = NO;
				CLANG_ANALYZER_NONNULL = YES;
				CLANG_ANALYZER_NUMBER_OBJECT_CONVERSION = YES_AGGRESSIVE;
				CLANG_CXX_LANGUAGE_STANDARD = "gnu++17";
				CLANG_CXX_LIBRARY = "libc++";
				CLANG_ENABLE_MODULES = YES;
				CLANG_ENABLE_OBJC_ARC = YES;
				CLANG_ENABLE_OBJC_WEAK = YES;
				CLANG_WARN_BLOCK_CAPTURE_AUTORELEASING = YES;
				CLANG_WARN_BOOL_CONVERSION = YES;
				CLANG_WARN_COMMA = YES;
				CLANG_WARN_CONSTANT_CONVERSION = YES;
				CLANG_WARN_DEPRECATED_OBJC_IMPLEMENTATIONS = YES;
				CLANG_WARN_DIRECT_OBJC_ISA_USAGE = YES_ERROR;
				CLANG_WARN_DOCUMENTATION_COMMENTS = YES;
				CLANG_WARN_EMPTY_BODY = YES;
				CLANG_WARN_ENUM_CONVERSION = YES;
				CLANG_WARN_INFINITE_RECURSION = YES;
				CLANG_WARN_INT_CONVERSION = YES;
				CLANG_WARN_NON_LITERAL_NULL_CONVERSION = YES;
				CLANG_WARN_OBJC_IMPLICIT_RETAIN_SELF = YES;
				CLANG_WARN_OBJC_LITERAL_CONVERSION = YES;
				CLANG_WARN_OBJC_ROOT_CLASS = YES_ERROR;
				CLANG_WARN_QUOTED_INCLUDE_IN_FRAMEWORK_HEADER = YES;
				CLANG_WARN_RANGE_LOOP_ANALYSIS = YES;
				CLANG_WARN_STRICT_PROTOTYPES = YES;
				CLANG_WARN_SUSPICIOUS_MOVE = YES;
				CLANG_WARN_UNGUARDED_AVAILABILITY = YES_AGGRESSIVE;
				CLANG_WARN_UNREACHABLE_CODE = YES;
				CLANG_WARN__DUPLICATE_METHOD_MATCH = YES;
				COPY_PHASE_STRIP = NO;
				DEBUG_INFORMATION_FORMAT = "dwarf-with-dsym";
				ENABLE_NS_ASSERTIONS = NO;
				ENABLE_STRICT_OBJC_MSGSEND = YES;
				GCC_C_LANGUAGE_STANDARD = gnu11;
				GCC_NO_COMMON_BLOCKS = YES;
				GCC_WARN_64_TO_32_BIT_CONVERSION = YES;
				GCC_WARN_ABOUT_RETURN_TYPE = YES_ERROR;
				GCC_WARN_UNDECLARED_SELECTOR = YES;
				GCC_WARN_UNINITIALIZED_AUTOS = YES_AGGRESSIVE;
				GCC_WARN_UNUSED_FUNCTION = YES;
				GCC_WARN_UNUSED_VARIABLE = YES;
				IPHONEOS_DEPLOYMENT_TARGET = 15.2;
				MTL_ENABLE_DEBUG_INFO = NO;
				MTL_FAST_MATH = YES;
				SDKROOT = iphoneos;
				SWIFT_COMPILATION_MODE = wholemodule;
				SWIFT_OPTIMIZATION_LEVEL = "-O";
				VALIDATE_PRODUCT = YES;
			};
			name = Release;
		};
		04F5F55D27B8185B0003DA35 /* Debug */ = {
			isa = XCBuildConfiguration;
			baseConfigurationReference = 4B60662E0D20ACD9825827CA /* Pods-MarvelApp.debug.xcconfig */;
			buildSettings = {
				ASSETCATALOG_COMPILER_APPICON_NAME = AppIcon;
				ASSETCATALOG_COMPILER_GLOBAL_ACCENT_COLOR_NAME = AccentColor;
				CODE_SIGN_STYLE = Automatic;
				CURRENT_PROJECT_VERSION = 1;
				GENERATE_INFOPLIST_FILE = YES;
				INFOPLIST_FILE = MarvelApp/Info.plist;
				INFOPLIST_KEY_UIApplicationSupportsIndirectInputEvents = YES;
				INFOPLIST_KEY_UILaunchStoryboardName = LaunchScreen;
				INFOPLIST_KEY_UISupportedInterfaceOrientations = UIInterfaceOrientationPortrait;
				INFOPLIST_KEY_UISupportedInterfaceOrientations_iPad = "UIInterfaceOrientationPortrait UIInterfaceOrientationPortraitUpsideDown UIInterfaceOrientationLandscapeLeft UIInterfaceOrientationLandscapeRight";
				INFOPLIST_KEY_UISupportedInterfaceOrientations_iPhone = "UIInterfaceOrientationPortrait UIInterfaceOrientationLandscapeLeft UIInterfaceOrientationLandscapeRight";
				IPHONEOS_DEPLOYMENT_TARGET = 12.0;
				LD_RUNPATH_SEARCH_PATHS = (
					"$(inherited)",
					"@executable_path/Frameworks",
				);
				MARKETING_VERSION = 1.0;
				PRODUCT_BUNDLE_IDENTIFIER = test.work.MarvelApp;
				PRODUCT_NAME = "$(TARGET_NAME)";
				SWIFT_EMIT_LOC_STRINGS = YES;
				SWIFT_VERSION = 5.0;
				TARGETED_DEVICE_FAMILY = 1;
			};
			name = Debug;
		};
		04F5F55E27B8185B0003DA35 /* Release */ = {
			isa = XCBuildConfiguration;
			baseConfigurationReference = 9C5BA8104FAB32F29F2936D0 /* Pods-MarvelApp.release.xcconfig */;
			buildSettings = {
				ASSETCATALOG_COMPILER_APPICON_NAME = AppIcon;
				ASSETCATALOG_COMPILER_GLOBAL_ACCENT_COLOR_NAME = AccentColor;
				CODE_SIGN_STYLE = Automatic;
				CURRENT_PROJECT_VERSION = 1;
				GENERATE_INFOPLIST_FILE = YES;
				INFOPLIST_FILE = MarvelApp/Info.plist;
				INFOPLIST_KEY_UIApplicationSupportsIndirectInputEvents = YES;
				INFOPLIST_KEY_UILaunchStoryboardName = LaunchScreen;
				INFOPLIST_KEY_UISupportedInterfaceOrientations = UIInterfaceOrientationPortrait;
				INFOPLIST_KEY_UISupportedInterfaceOrientations_iPad = "UIInterfaceOrientationPortrait UIInterfaceOrientationPortraitUpsideDown UIInterfaceOrientationLandscapeLeft UIInterfaceOrientationLandscapeRight";
				INFOPLIST_KEY_UISupportedInterfaceOrientations_iPhone = "UIInterfaceOrientationPortrait UIInterfaceOrientationLandscapeLeft UIInterfaceOrientationLandscapeRight";
				IPHONEOS_DEPLOYMENT_TARGET = 12.0;
				LD_RUNPATH_SEARCH_PATHS = (
					"$(inherited)",
					"@executable_path/Frameworks",
				);
				MARKETING_VERSION = 1.0;
				PRODUCT_BUNDLE_IDENTIFIER = test.work.MarvelApp;
				PRODUCT_NAME = "$(TARGET_NAME)";
				SWIFT_EMIT_LOC_STRINGS = YES;
				SWIFT_VERSION = 5.0;
				TARGETED_DEVICE_FAMILY = 1;
			};
			name = Release;
		};
		04F5F56027B8185B0003DA35 /* Debug */ = {
			isa = XCBuildConfiguration;
			baseConfigurationReference = FB9A891C67B58405231DCE47 /* Pods-MarvelAppTests.debug.xcconfig */;
			buildSettings = {
				ALWAYS_EMBED_SWIFT_STANDARD_LIBRARIES = YES;
				BUNDLE_LOADER = "$(TEST_HOST)";
				CODE_SIGN_STYLE = Automatic;
				CURRENT_PROJECT_VERSION = 1;
				GENERATE_INFOPLIST_FILE = YES;
				IPHONEOS_DEPLOYMENT_TARGET = 15.2;
				MARKETING_VERSION = 1.0;
				PRODUCT_BUNDLE_IDENTIFIER = test.work.MarvelAppTests;
				PRODUCT_NAME = "$(TARGET_NAME)";
				SWIFT_EMIT_LOC_STRINGS = NO;
				SWIFT_VERSION = 5.0;
				TARGETED_DEVICE_FAMILY = "1,2";
				TEST_HOST = "$(BUILT_PRODUCTS_DIR)/MarvelApp.app/MarvelApp";
			};
			name = Debug;
		};
		04F5F56127B8185B0003DA35 /* Release */ = {
			isa = XCBuildConfiguration;
			baseConfigurationReference = 763250F21D9D3199D36EB302 /* Pods-MarvelAppTests.release.xcconfig */;
			buildSettings = {
				ALWAYS_EMBED_SWIFT_STANDARD_LIBRARIES = YES;
				BUNDLE_LOADER = "$(TEST_HOST)";
				CODE_SIGN_STYLE = Automatic;
				CURRENT_PROJECT_VERSION = 1;
				GENERATE_INFOPLIST_FILE = YES;
				IPHONEOS_DEPLOYMENT_TARGET = 15.2;
				MARKETING_VERSION = 1.0;
				PRODUCT_BUNDLE_IDENTIFIER = test.work.MarvelAppTests;
				PRODUCT_NAME = "$(TARGET_NAME)";
				SWIFT_EMIT_LOC_STRINGS = NO;
				SWIFT_VERSION = 5.0;
				TARGETED_DEVICE_FAMILY = "1,2";
				TEST_HOST = "$(BUILT_PRODUCTS_DIR)/MarvelApp.app/MarvelApp";
			};
			name = Release;
		};
		04F5F56327B8185B0003DA35 /* Debug */ = {
			isa = XCBuildConfiguration;
			baseConfigurationReference = 299A53DDE07C111962ECDA31 /* Pods-MarvelApp-MarvelAppUITests.debug.xcconfig */;
			buildSettings = {
				ALWAYS_EMBED_SWIFT_STANDARD_LIBRARIES = YES;
				CODE_SIGN_STYLE = Automatic;
				CURRENT_PROJECT_VERSION = 1;
				GENERATE_INFOPLIST_FILE = YES;
				MARKETING_VERSION = 1.0;
				PRODUCT_BUNDLE_IDENTIFIER = test.work.MarvelAppUITests;
				PRODUCT_NAME = "$(TARGET_NAME)";
				SWIFT_EMIT_LOC_STRINGS = NO;
				SWIFT_VERSION = 5.0;
				TARGETED_DEVICE_FAMILY = "1,2";
				TEST_TARGET_NAME = MarvelApp;
			};
			name = Debug;
		};
		04F5F56427B8185B0003DA35 /* Release */ = {
			isa = XCBuildConfiguration;
			baseConfigurationReference = 23D069354E3D239CB5A763C5 /* Pods-MarvelApp-MarvelAppUITests.release.xcconfig */;
			buildSettings = {
				ALWAYS_EMBED_SWIFT_STANDARD_LIBRARIES = YES;
				CODE_SIGN_STYLE = Automatic;
				CURRENT_PROJECT_VERSION = 1;
				GENERATE_INFOPLIST_FILE = YES;
				MARKETING_VERSION = 1.0;
				PRODUCT_BUNDLE_IDENTIFIER = test.work.MarvelAppUITests;
				PRODUCT_NAME = "$(TARGET_NAME)";
				SWIFT_EMIT_LOC_STRINGS = NO;
				SWIFT_VERSION = 5.0;
				TARGETED_DEVICE_FAMILY = "1,2";
				TEST_TARGET_NAME = MarvelApp;
			};
			name = Release;
		};
/* End XCBuildConfiguration section */

/* Begin XCConfigurationList section */
		04F5F52A27B818580003DA35 /* Build configuration list for PBXProject "MarvelApp" */ = {
			isa = XCConfigurationList;
			buildConfigurations = (
				04F5F55A27B8185B0003DA35 /* Debug */,
				04F5F55B27B8185B0003DA35 /* Release */,
			);
			defaultConfigurationIsVisible = 0;
			defaultConfigurationName = Release;
		};
		04F5F55C27B8185B0003DA35 /* Build configuration list for PBXNativeTarget "MarvelApp" */ = {
			isa = XCConfigurationList;
			buildConfigurations = (
				04F5F55D27B8185B0003DA35 /* Debug */,
				04F5F55E27B8185B0003DA35 /* Release */,
			);
			defaultConfigurationIsVisible = 0;
			defaultConfigurationName = Release;
		};
		04F5F55F27B8185B0003DA35 /* Build configuration list for PBXNativeTarget "MarvelAppTests" */ = {
			isa = XCConfigurationList;
			buildConfigurations = (
				04F5F56027B8185B0003DA35 /* Debug */,
				04F5F56127B8185B0003DA35 /* Release */,
			);
			defaultConfigurationIsVisible = 0;
			defaultConfigurationName = Release;
		};
		04F5F56227B8185B0003DA35 /* Build configuration list for PBXNativeTarget "MarvelAppUITests" */ = {
			isa = XCConfigurationList;
			buildConfigurations = (
				04F5F56327B8185B0003DA35 /* Debug */,
				04F5F56427B8185B0003DA35 /* Release */,
			);
			defaultConfigurationIsVisible = 0;
			defaultConfigurationName = Release;
		};
/* End XCConfigurationList section */

/* Begin XCVersionGroup section */
		04F5F53B27B818580003DA35 /* MarvelApp.xcdatamodeld */ = {
			isa = XCVersionGroup;
			children = (
				04F5F53C27B818580003DA35 /* MarvelApp.xcdatamodel */,
			);
			currentVersion = 04F5F53C27B818580003DA35 /* MarvelApp.xcdatamodel */;
			path = MarvelApp.xcdatamodeld;
			sourceTree = "<group>";
			versionGroupType = wrapper.xcdatamodel;
		};
/* End XCVersionGroup section */
	};
	rootObject = 04F5F52727B818580003DA35 /* Project object */;
}
